
Microsoft Visual Studio Solution File, Format Version 12.00
# Visual Studio Version 16
VisualStudioVersion = 16.0.30002.166
MinimumVisualStudioVersion = 10.0.40219.1
Project("{FAE04EC0-301F-11D3-BF4B-00C04F79EFBC}") = "DynaCulture", "DynaCulture\DynaCulture.csproj", "{07C98A1E-FF1E-4FAD-AF48-D2414D9D2934}"
EndProject
Global
	GlobalSection(SolutionConfigurationPlatforms) = preSolution
		Debug|Any CPU = Debug|Any CPU
		Release|Any CPU = Release|Any CPU
	EndGlobalSection
	GlobalSection(ProjectConfigurationPlatforms) = postSolution
		{07C98A1E-FF1E-4FAD-AF48-D2414D9D2934}.Debug|Any CPU.ActiveCfg = Debug|Any CPU
		{07C98A1E-FF1E-4FAD-AF48-D2414D9D2934}.Debug|Any CPU.Build.0 = Debug|Any CPU
		{07C98A1E-FF1E-4FAD-AF48-D2414D9D2934}.Release|Any CPU.ActiveCfg = Release|Any CPU
		{07C98A1E-FF1E-4FAD-AF48-D2414D9D2934}.Release|Any CPU.Build.0 = Release|Any CPU
	EndGlobalSection
	GlobalSection(SolutionProperties) = preSolution
		HideSolutionNode = FALSE
	EndGlobalSection
	GlobalSection(ExtensibilityGlobals) = postSolution
		SolutionGuid = {4ACECD54-5FD9-417F-9DC5-06E746B3D502}
	EndGlobalSection
EndGlobal
